
Microsoft Visual Studio Solution File, Format Version 12.00
# Visual Studio Version 16
VisualStudioVersion = 16.0.29123.88
MinimumVisualStudioVersion = 10.0.40219.1
Project("{8BC9CEB8-8B4A-11D0-8D11-00A0C91BC942}") = "51_영지선택(large)", "51_영지선택(large)\51_영지선택(large).vcxproj", "{ACED10F0-8EAD-484F-95F6-D2287DBE1842}"
EndProject
Global
	GlobalSection(SolutionConfigurationPlatforms) = preSolution
		Debug|x64 = Debug|x64
		Debug|x86 = Debug|x86
		Release|x64 = Release|x64
		Release|x86 = Release|x86
	EndGlobalSection
	GlobalSection(ProjectConfigurationPlatforms) = postSolution
		{ACED10F0-8EAD-484F-95F6-D2287DBE1842}.Debug|x64.ActiveCfg = Debug|x64
		{ACED10F0-8EAD-484F-95F6-D2287DBE1842}.Debug|x64.Build.0 = Debug|x64
		{ACED10F0-8EAD-484F-95F6-D2287DBE1842}.Debug|x86.ActiveCfg = Debug|Win32
		{ACED10F0-8EAD-484F-95F6-D2287DBE1842}.Debug|x86.Build.0 = Debug|Win32
		{ACED10F0-8EAD-484F-95F6-D2287DBE1842}.Release|x64.ActiveCfg = Release|x64
		{ACED10F0-8EAD-484F-95F6-D2287DBE1842}.Release|x64.Build.0 = Release|x64
		{ACED10F0-8EAD-484F-95F6-D2287DBE1842}.Release|x86.ActiveCfg = Release|Win32
		{ACED10F0-8EAD-484F-95F6-D2287DBE1842}.Release|x86.Build.0 = Release|Win32
	EndGlobalSection
	GlobalSection(SolutionProperties) = preSolution
		HideSolutionNode = FALSE
	EndGlobalSection
	GlobalSection(ExtensibilityGlobals) = postSolution
		SolutionGuid = {211CBDE6-7C99-465B-AD0B-96D741596F3D}
	EndGlobalSection
EndGlobal
