
Microsoft Visual Studio Solution File, Format Version 12.00
# Visual Studio Version 16
VisualStudioVersion = 16.0.29123.88
MinimumVisualStudioVersion = 10.0.40219.1
Project("{8BC9CEB8-8B4A-11D0-8D11-00A0C91BC942}") = "38_inversion sequence", "38_inversion sequence\38_inversion sequence.vcxproj", "{75F7B1D5-72FB-4F22-A0C3-AA25F2ED3148}"
EndProject
Global
	GlobalSection(SolutionConfigurationPlatforms) = preSolution
		Debug|x64 = Debug|x64
		Debug|x86 = Debug|x86
		Release|x64 = Release|x64
		Release|x86 = Release|x86
	EndGlobalSection
	GlobalSection(ProjectConfigurationPlatforms) = postSolution
		{75F7B1D5-72FB-4F22-A0C3-AA25F2ED3148}.Debug|x64.ActiveCfg = Debug|x64
		{75F7B1D5-72FB-4F22-A0C3-AA25F2ED3148}.Debug|x64.Build.0 = Debug|x64
		{75F7B1D5-72FB-4F22-A0C3-AA25F2ED3148}.Debug|x86.ActiveCfg = Debug|Win32
		{75F7B1D5-72FB-4F22-A0C3-AA25F2ED3148}.Debug|x86.Build.0 = Debug|Win32
		{75F7B1D5-72FB-4F22-A0C3-AA25F2ED3148}.Release|x64.ActiveCfg = Release|x64
		{75F7B1D5-72FB-4F22-A0C3-AA25F2ED3148}.Release|x64.Build.0 = Release|x64
		{75F7B1D5-72FB-4F22-A0C3-AA25F2ED3148}.Release|x86.ActiveCfg = Release|Win32
		{75F7B1D5-72FB-4F22-A0C3-AA25F2ED3148}.Release|x86.Build.0 = Release|Win32
	EndGlobalSection
	GlobalSection(SolutionProperties) = preSolution
		HideSolutionNode = FALSE
	EndGlobalSection
	GlobalSection(ExtensibilityGlobals) = postSolution
		SolutionGuid = {EBCE0608-E6AA-4884-A24E-FA5EEAB5C0C9}
	EndGlobalSection
EndGlobal
