
Microsoft Visual Studio Solution File, Format Version 12.00
# Visual Studio Version 16
VisualStudioVersion = 16.0.29123.88
MinimumVisualStudioVersion = 10.0.40219.1
Project("{8BC9CEB8-8B4A-11D0-8D11-00A0C91BC942}") = "56_ 재귀함수 분석 (스택을 이용하는 재귀)", "56_ 재귀함수 분석 (스택을 이용하는 재귀)\56_ 재귀함수 분석 (스택을 이용하는 재귀).vcxproj", "{BD3DF031-879E-4B74-B688-C97841D496D6}"
EndProject
Global
	GlobalSection(SolutionConfigurationPlatforms) = preSolution
		Debug|x64 = Debug|x64
		Debug|x86 = Debug|x86
		Release|x64 = Release|x64
		Release|x86 = Release|x86
	EndGlobalSection
	GlobalSection(ProjectConfigurationPlatforms) = postSolution
		{BD3DF031-879E-4B74-B688-C97841D496D6}.Debug|x64.ActiveCfg = Debug|x64
		{BD3DF031-879E-4B74-B688-C97841D496D6}.Debug|x64.Build.0 = Debug|x64
		{BD3DF031-879E-4B74-B688-C97841D496D6}.Debug|x86.ActiveCfg = Debug|Win32
		{BD3DF031-879E-4B74-B688-C97841D496D6}.Debug|x86.Build.0 = Debug|Win32
		{BD3DF031-879E-4B74-B688-C97841D496D6}.Release|x64.ActiveCfg = Release|x64
		{BD3DF031-879E-4B74-B688-C97841D496D6}.Release|x64.Build.0 = Release|x64
		{BD3DF031-879E-4B74-B688-C97841D496D6}.Release|x86.ActiveCfg = Release|Win32
		{BD3DF031-879E-4B74-B688-C97841D496D6}.Release|x86.Build.0 = Release|Win32
	EndGlobalSection
	GlobalSection(SolutionProperties) = preSolution
		HideSolutionNode = FALSE
	EndGlobalSection
	GlobalSection(ExtensibilityGlobals) = postSolution
		SolutionGuid = {66461160-EF6B-4190-97AF-864E0B178761}
	EndGlobalSection
EndGlobal
