
Microsoft Visual Studio Solution File, Format Version 12.00
# Visual Studio Version 16
VisualStudioVersion = 16.0.29123.88
MinimumVisualStudioVersion = 10.0.40219.1
Project("{8BC9CEB8-8B4A-11D0-8D11-00A0C91BC942}") = "53_K진수 출력", "53_K진수 출력\53_K진수 출력.vcxproj", "{D3ACF608-6F64-4C9B-9430-0D02FF9C937C}"
EndProject
Global
	GlobalSection(SolutionConfigurationPlatforms) = preSolution
		Debug|x64 = Debug|x64
		Debug|x86 = Debug|x86
		Release|x64 = Release|x64
		Release|x86 = Release|x86
	EndGlobalSection
	GlobalSection(ProjectConfigurationPlatforms) = postSolution
		{D3ACF608-6F64-4C9B-9430-0D02FF9C937C}.Debug|x64.ActiveCfg = Debug|x64
		{D3ACF608-6F64-4C9B-9430-0D02FF9C937C}.Debug|x64.Build.0 = Debug|x64
		{D3ACF608-6F64-4C9B-9430-0D02FF9C937C}.Debug|x86.ActiveCfg = Debug|Win32
		{D3ACF608-6F64-4C9B-9430-0D02FF9C937C}.Debug|x86.Build.0 = Debug|Win32
		{D3ACF608-6F64-4C9B-9430-0D02FF9C937C}.Release|x64.ActiveCfg = Release|x64
		{D3ACF608-6F64-4C9B-9430-0D02FF9C937C}.Release|x64.Build.0 = Release|x64
		{D3ACF608-6F64-4C9B-9430-0D02FF9C937C}.Release|x86.ActiveCfg = Release|Win32
		{D3ACF608-6F64-4C9B-9430-0D02FF9C937C}.Release|x86.Build.0 = Release|Win32
	EndGlobalSection
	GlobalSection(SolutionProperties) = preSolution
		HideSolutionNode = FALSE
	EndGlobalSection
	GlobalSection(ExtensibilityGlobals) = postSolution
		SolutionGuid = {9F454F08-3D36-4BC2-8020-3EC9D777871F}
	EndGlobalSection
EndGlobal
